
Microsoft Visual Studio Solution File, Format Version 10.00
# Visual Studio 2008
Project("{8BC9CEB8-8B4A-11D0-8D11-00A0C91BC942}") = "tracer", "tracer.vcproj", "{BACABF48-34AB-4418-81FF-E296F3F7585F}"
EndProject
Project("{8BC9CEB8-8B4A-11D0-8D11-00A0C91BC942}") = "test", "..\test\test.vcproj", "{5A200599-5FE5-4F82-8C11-F2A6C4B3EBD2}"
EndProject
Global
	GlobalSection(SolutionConfigurationPlatforms) = preSolution
		Debug|Win32 = Debug|Win32
		Release|Win32 = Release|Win32
	EndGlobalSection
	GlobalSection(ProjectConfigurationPlatforms) = postSolution
		{BACABF48-34AB-4418-81FF-E296F3F7585F}.Debug|Win32.ActiveCfg = Debug|Win32
		{BACABF48-34AB-4418-81FF-E296F3F7585F}.Debug|Win32.Build.0 = Debug|Win32
		{BACABF48-34AB-4418-81FF-E296F3F7585F}.Release|Win32.ActiveCfg = Release|Win32
		{BACABF48-34AB-4418-81FF-E296F3F7585F}.Release|Win32.Build.0 = Release|Win32
		{5A200599-5FE5-4F82-8C11-F2A6C4B3EBD2}.Debug|Win32.ActiveCfg = Debug|Win32
		{5A200599-5FE5-4F82-8C11-F2A6C4B3EBD2}.Debug|Win32.Build.0 = Debug|Win32
		{5A200599-5FE5-4F82-8C11-F2A6C4B3EBD2}.Release|Win32.ActiveCfg = Release|Win32
		{5A200599-5FE5-4F82-8C11-F2A6C4B3EBD2}.Release|Win32.Build.0 = Release|Win32
	EndGlobalSection
	GlobalSection(SolutionProperties) = preSolution
		HideSolutionNode = FALSE
	EndGlobalSection
EndGlobal
